
Microsoft Visual Studio Solution File, Format Version 12.00
# Visual Studio Version 16
VisualStudioVersion = 16.0.32002.261
MinimumVisualStudioVersion = 10.0.40219.1
Project("{FAE04EC0-301F-11D3-BF4B-00C04F79EFBC}") = "ConsoleApp", "ConsoleApp\ConsoleApp.csproj", "{58420EA8-0EF6-4593-A2FD-98EBBF3A398C}"
EndProject
Project("{FAE04EC0-301F-11D3-BF4B-00C04F79EFBC}") = "TestProject", "TestProject\TestProject.csproj", "{F885348E-0E0C-47A9-B5D2-D5D2D9B99F4D}"
EndProject
Global
	GlobalSection(SolutionConfigurationPlatforms) = preSolution
		Debug|Any CPU = Debug|Any CPU
		Release|Any CPU = Release|Any CPU
	EndGlobalSection
	GlobalSection(ProjectConfigurationPlatforms) = postSolution
		{58420EA8-0EF6-4593-A2FD-98EBBF3A398C}.Debug|Any CPU.ActiveCfg = Debug|Any CPU
		{58420EA8-0EF6-4593-A2FD-98EBBF3A398C}.Debug|Any CPU.Build.0 = Debug|Any CPU
		{58420EA8-0EF6-4593-A2FD-98EBBF3A398C}.Release|Any CPU.ActiveCfg = Release|Any CPU
		{58420EA8-0EF6-4593-A2FD-98EBBF3A398C}.Release|Any CPU.Build.0 = Release|Any CPU
		{F885348E-0E0C-47A9-B5D2-D5D2D9B99F4D}.Debug|Any CPU.ActiveCfg = Debug|Any CPU
		{F885348E-0E0C-47A9-B5D2-D5D2D9B99F4D}.Debug|Any CPU.Build.0 = Debug|Any CPU
		{F885348E-0E0C-47A9-B5D2-D5D2D9B99F4D}.Release|Any CPU.ActiveCfg = Release|Any CPU
		{F885348E-0E0C-47A9-B5D2-D5D2D9B99F4D}.Release|Any CPU.Build.0 = Release|Any CPU
	EndGlobalSection
	GlobalSection(SolutionProperties) = preSolution
		HideSolutionNode = FALSE
	EndGlobalSection
	GlobalSection(ExtensibilityGlobals) = postSolution
		SolutionGuid = {D228FA4B-D5B0-4B1B-9522-5F4BE70D4C68}
	EndGlobalSection
EndGlobal
